Microsoft Visual Studio Solution File, Format Version 12.00
# Visual Studio Version 17
VisualStudioVersion = 17.5.2.0
MinimumVisualStudioVersion = 10.0.40219.1
Project("{FAE04EC0-301F-11D3-BF4B-00C04F79EFBC}") = "LABORATORIO_6", "LABORATORIO_6.csproj", "{A65702BC-A22E-B1E5-87B8-AE4A7967FC29}"
EndProject
Global
	GlobalSection(SolutionConfigurationPlatforms) = preSolution
		Debug|Any CPU = Debug|Any CPU
		Release|Any CPU = Release|Any CPU
	EndGlobalSection
	GlobalSection(ProjectConfigurationPlatforms) = postSolution
		{A65702BC-A22E-B1E5-87B8-AE4A7967FC29}.Debug|Any CPU.ActiveCfg = Debug|Any CPU
		{A65702BC-A22E-B1E5-87B8-AE4A7967FC29}.Debug|Any CPU.Build.0 = Debug|Any CPU
		{A65702BC-A22E-B1E5-87B8-AE4A7967FC29}.Release|Any CPU.ActiveCfg = Release|Any CPU
		{A65702BC-A22E-B1E5-87B8-AE4A7967FC29}.Release|Any CPU.Build.0 = Release|Any CPU
	EndGlobalSection
	GlobalSection(SolutionProperties) = preSolution
		HideSolutionNode = FALSE
	EndGlobalSection
	GlobalSection(ExtensibilityGlobals) = postSolution
		SolutionGuid = {19E4B274-4228-4540-A131-E0F4FF27D719}
	EndGlobalSection
EndGlobal
